
Microsoft Visual Studio Solution File, Format Version 12.00
# Visual Studio 15
VisualStudioVersion = 15.0.28010.2019
MinimumVisualStudioVersion = 10.0.40219.1
Project("{FAE04EC0-301F-11D3-BF4B-00C04F79EFBC}") = "Client", "Client\Client.csproj", "{07BC4C5E-1956-44CC-A34F-DF6AE01ADDB1}"
EndProject
Project("{FAE04EC0-301F-11D3-BF4B-00C04F79EFBC}") = "Server", "Server\Server.csproj", "{ED5F5F6D-ED5C-4F7C-96C3-6FD8AB88D393}"
EndProject
Project("{FAE04EC0-301F-11D3-BF4B-00C04F79EFBC}") = "ClassLibrary", "ClassLibrary\ClassLibrary.csproj", "{287269DA-2526-43D5-BDE7-CE4AFE8B9321}"
EndProject
Global
	GlobalSection(SolutionConfigurationPlatforms) = preSolution
		Debug|Any CPU = Debug|Any CPU
		Release|Any CPU = Release|Any CPU
	EndGlobalSection
	GlobalSection(ProjectConfigurationPlatforms) = postSolution
		{07BC4C5E-1956-44CC-A34F-DF6AE01ADDB1}.Debug|Any CPU.ActiveCfg = Debug|Any CPU
		{07BC4C5E-1956-44CC-A34F-DF6AE01ADDB1}.Debug|Any CPU.Build.0 = Debug|Any CPU
		{07BC4C5E-1956-44CC-A34F-DF6AE01ADDB1}.Release|Any CPU.ActiveCfg = Release|Any CPU
		{07BC4C5E-1956-44CC-A34F-DF6AE01ADDB1}.Release|Any CPU.Build.0 = Release|Any CPU
		{ED5F5F6D-ED5C-4F7C-96C3-6FD8AB88D393}.Debug|Any CPU.ActiveCfg = Debug|Any CPU
		{ED5F5F6D-ED5C-4F7C-96C3-6FD8AB88D393}.Debug|Any CPU.Build.0 = Debug|Any CPU
		{ED5F5F6D-ED5C-4F7C-96C3-6FD8AB88D393}.Release|Any CPU.ActiveCfg = Release|Any CPU
		{ED5F5F6D-ED5C-4F7C-96C3-6FD8AB88D393}.Release|Any CPU.Build.0 = Release|Any CPU
		{287269DA-2526-43D5-BDE7-CE4AFE8B9321}.Debug|Any CPU.ActiveCfg = Debug|Any CPU
		{287269DA-2526-43D5-BDE7-CE4AFE8B9321}.Debug|Any CPU.Build.0 = Debug|Any CPU
		{287269DA-2526-43D5-BDE7-CE4AFE8B9321}.Release|Any CPU.ActiveCfg = Release|Any CPU
		{287269DA-2526-43D5-BDE7-CE4AFE8B9321}.Release|Any CPU.Build.0 = Release|Any CPU
	EndGlobalSection
	GlobalSection(SolutionProperties) = preSolution
		HideSolutionNode = FALSE
	EndGlobalSection
	GlobalSection(ExtensibilityGlobals) = postSolution
		SolutionGuid = {04F52DC6-D027-4CF0-ACE3-D5B9EC74E78F}
	EndGlobalSection
EndGlobal
